
Microsoft Visual Studio Solution File, Format Version 12.00
# Visual Studio Version 16
VisualStudioVersion = 16.0.30011.22
MinimumVisualStudioVersion = 10.0.40219.1
Project("{FAE04EC0-301F-11D3-BF4B-00C04F79EFBC}") = "RazorPagesMovie", "RazorPagesMovie\RazorPagesMovie.csproj", "{6291531B-5225-4276-898D-4D45BCF83804}"
EndProject
Global
	GlobalSection(SolutionConfigurationPlatforms) = preSolution
		Debug|Any CPU = Debug|Any CPU
		Release|Any CPU = Release|Any CPU
	EndGlobalSection
	GlobalSection(ProjectConfigurationPlatforms) = postSolution
		{6291531B-5225-4276-898D-4D45BCF83804}.Debug|Any CPU.ActiveCfg = Debug|Any CPU
		{6291531B-5225-4276-898D-4D45BCF83804}.Debug|Any CPU.Build.0 = Debug|Any CPU
		{6291531B-5225-4276-898D-4D45BCF83804}.Release|Any CPU.ActiveCfg = Release|Any CPU
		{6291531B-5225-4276-898D-4D45BCF83804}.Release|Any CPU.Build.0 = Release|Any CPU
	EndGlobalSection
	GlobalSection(SolutionProperties) = preSolution
		HideSolutionNode = FALSE
	EndGlobalSection
	GlobalSection(ExtensibilityGlobals) = postSolution
		SolutionGuid = {D7403DD7-3AC8-4690-B432-26850B4695E1}
	EndGlobalSection
EndGlobal
