
Microsoft Visual Studio Solution File, Format Version 12.00
# Visual Studio Version 16
VisualStudioVersion = 16.0.30011.22
MinimumVisualStudioVersion = 10.0.40219.1
Project("{FAE04EC0-301F-11D3-BF4B-00C04F79EFBC}") = "RazorPagesMovie", "RazorPagesMovie\RazorPagesMovie.csproj", "{5A01F2D5-EF07-4DDD-AE1B-6CFD51492579}"
EndProject
Global
	GlobalSection(SolutionConfigurationPlatforms) = preSolution
		Debug|Any CPU = Debug|Any CPU
		Release|Any CPU = Release|Any CPU
	EndGlobalSection
	GlobalSection(ProjectConfigurationPlatforms) = postSolution
		{5A01F2D5-EF07-4DDD-AE1B-6CFD51492579}.Debug|Any CPU.ActiveCfg = Debug|Any CPU
		{5A01F2D5-EF07-4DDD-AE1B-6CFD51492579}.Debug|Any CPU.Build.0 = Debug|Any CPU
		{5A01F2D5-EF07-4DDD-AE1B-6CFD51492579}.Release|Any CPU.ActiveCfg = Release|Any CPU
		{5A01F2D5-EF07-4DDD-AE1B-6CFD51492579}.Release|Any CPU.Build.0 = Release|Any CPU
	EndGlobalSection
	GlobalSection(SolutionProperties) = preSolution
		HideSolutionNode = FALSE
	EndGlobalSection
	GlobalSection(ExtensibilityGlobals) = postSolution
		SolutionGuid = {59E2AC05-A220-418F-A00A-C50327C2C788}
	EndGlobalSection
EndGlobal
