
Microsoft Visual Studio Solution File, Format Version 12.00
# Visual Studio Version 16
VisualStudioVersion = 16.0.30011.22
MinimumVisualStudioVersion = 10.0.40219.1
Project("{FAE04EC0-301F-11D3-BF4B-00C04F79EFBC}") = "ContosoUniversity", "ContosoUniversity\ContosoUniversity.csproj", "{537145DB-39D0-4DD8-AD1F-EEA4CC987910}"
EndProject
Project("{2150E333-8FDC-42A3-9474-1A3956D46DE8}") = "Solution Items", "Solution Items", "{3D623409-6957-49FB-986C-95C13C233D43}"
	ProjectSection(SolutionItems) = preProject
		.editorconfig = .editorconfig
	EndProjectSection
EndProject
Global
	GlobalSection(SolutionConfigurationPlatforms) = preSolution
		Debug|Any CPU = Debug|Any CPU
		Release|Any CPU = Release|Any CPU
	EndGlobalSection
	GlobalSection(ProjectConfigurationPlatforms) = postSolution
		{537145DB-39D0-4DD8-AD1F-EEA4CC987910}.Debug|Any CPU.ActiveCfg = Debug|Any CPU
		{537145DB-39D0-4DD8-AD1F-EEA4CC987910}.Debug|Any CPU.Build.0 = Debug|Any CPU
		{537145DB-39D0-4DD8-AD1F-EEA4CC987910}.Release|Any CPU.ActiveCfg = Release|Any CPU
		{537145DB-39D0-4DD8-AD1F-EEA4CC987910}.Release|Any CPU.Build.0 = Release|Any CPU
	EndGlobalSection
	GlobalSection(SolutionProperties) = preSolution
		HideSolutionNode = FALSE
	EndGlobalSection
	GlobalSection(ExtensibilityGlobals) = postSolution
		SolutionGuid = {B5B51FA9-AF10-4402-AE52-F909979876A6}
	EndGlobalSection
EndGlobal
