
Microsoft Visual Studio Solution File, Format Version 12.00
# Visual Studio Version 16
VisualStudioVersion = 16.0.30011.22
MinimumVisualStudioVersion = 10.0.40219.1
Project("{FAE04EC0-301F-11D3-BF4B-00C04F79EFBC}") = "ContosoUniversity", "ContosoUniversity\ContosoUniversity.csproj", "{7EF82EBF-177A-4B9D-BCD0-665B914854D4}"
EndProject
Global
	GlobalSection(SolutionConfigurationPlatforms) = preSolution
		Debug|Any CPU = Debug|Any CPU
		Release|Any CPU = Release|Any CPU
	EndGlobalSection
	GlobalSection(ProjectConfigurationPlatforms) = postSolution
		{7EF82EBF-177A-4B9D-BCD0-665B914854D4}.Debug|Any CPU.ActiveCfg = Debug|Any CPU
		{7EF82EBF-177A-4B9D-BCD0-665B914854D4}.Debug|Any CPU.Build.0 = Debug|Any CPU
		{7EF82EBF-177A-4B9D-BCD0-665B914854D4}.Release|Any CPU.ActiveCfg = Release|Any CPU
		{7EF82EBF-177A-4B9D-BCD0-665B914854D4}.Release|Any CPU.Build.0 = Release|Any CPU
	EndGlobalSection
	GlobalSection(SolutionProperties) = preSolution
		HideSolutionNode = FALSE
	EndGlobalSection
	GlobalSection(ExtensibilityGlobals) = postSolution
		SolutionGuid = {84032E0B-24AF-413C-94DE-A33740A0A195}
	EndGlobalSection
EndGlobal
