
Microsoft Visual Studio Solution File, Format Version 12.00
# Visual Studio Version 16
VisualStudioVersion = 16.0.30011.22
MinimumVisualStudioVersion = 10.0.40219.1
Project("{FAE04EC0-301F-11D3-BF4B-00C04F79EFBC}") = "MvcMovie", "MvcMovie\MvcMovie.csproj", "{BD79B53C-90F0-47BC-A9AB-6FFE5B885645}"
EndProject
Global
	GlobalSection(SolutionConfigurationPlatforms) = preSolution
		Debug|Any CPU = Debug|Any CPU
		Release|Any CPU = Release|Any CPU
	EndGlobalSection
	GlobalSection(ProjectConfigurationPlatforms) = postSolution
		{BD79B53C-90F0-47BC-A9AB-6FFE5B885645}.Debug|Any CPU.ActiveCfg = Debug|Any CPU
		{BD79B53C-90F0-47BC-A9AB-6FFE5B885645}.Debug|Any CPU.Build.0 = Debug|Any CPU
		{BD79B53C-90F0-47BC-A9AB-6FFE5B885645}.Release|Any CPU.ActiveCfg = Release|Any CPU
		{BD79B53C-90F0-47BC-A9AB-6FFE5B885645}.Release|Any CPU.Build.0 = Release|Any CPU
	EndGlobalSection
	GlobalSection(SolutionProperties) = preSolution
		HideSolutionNode = FALSE
	EndGlobalSection
	GlobalSection(ExtensibilityGlobals) = postSolution
		SolutionGuid = {B8D2AC8B-7D41-4B2D-8146-61CC31CD1CA4}
	EndGlobalSection
EndGlobal
