
Microsoft Visual Studio Solution File, Format Version 12.00
# Visual Studio Version 16
VisualStudioVersion = 16.0.30225.117
MinimumVisualStudioVersion = 10.0.40219.1
Project("{9A19103F-16F7-4668-BE54-9A1E7A4F7556}") = "Sacrement Meeting Planner", "Sacrament Meeting Planner\Sacrement Meeting Planner.csproj", "{860BAAE6-9E34-447D-886A-51817D47D1D1}"
EndProject
Global
	GlobalSection(SolutionConfigurationPlatforms) = preSolution
		Debug|Any CPU = Debug|Any CPU
		Release|Any CPU = Release|Any CPU
	EndGlobalSection
	GlobalSection(ProjectConfigurationPlatforms) = postSolution
		{860BAAE6-9E34-447D-886A-51817D47D1D1}.Debug|Any CPU.ActiveCfg = Debug|Any CPU
		{860BAAE6-9E34-447D-886A-51817D47D1D1}.Debug|Any CPU.Build.0 = Debug|Any CPU
		{860BAAE6-9E34-447D-886A-51817D47D1D1}.Release|Any CPU.ActiveCfg = Release|Any CPU
		{860BAAE6-9E34-447D-886A-51817D47D1D1}.Release|Any CPU.Build.0 = Release|Any CPU
	EndGlobalSection
	GlobalSection(SolutionProperties) = preSolution
		HideSolutionNode = FALSE
	EndGlobalSection
	GlobalSection(ExtensibilityGlobals) = postSolution
		SolutionGuid = {AA128525-8308-4527-8D3E-3068D11BFAEC}
	EndGlobalSection
EndGlobal
